
Microsoft Visual Studio Solution File, Format Version 12.00
# Visual Studio 15
VisualStudioVersion = 15.0.28307.1145
MinimumVisualStudioVersion = 10.0.40219.1
Project("{FAE04EC0-301F-11D3-BF4B-00C04F79EFBC}") = "UnitTest", "UnitTest\UnitTest.csproj", "{52DBC174-3150-4954-BEBA-75EEFD2E2A41}"
EndProject
Project("{FAE04EC0-301F-11D3-BF4B-00C04F79EFBC}") = "ConsoleApp", "ConsoleApp\ConsoleApp.csproj", "{70FC31AE-716C-4216-9FBD-8972BD317039}"
EndProject
Project("{FAE04EC0-301F-11D3-BF4B-00C04F79EFBC}") = "Model", "Model\Model.csproj", "{463AC0B3-2A7E-4A24-BF92-A6D1545E17E7}"
EndProject
Project("{2150E333-8FDC-42A3-9474-1A3956D46DE8}") = "Console", "Console", "{9D2C20B5-5045-4063-A895-B02CFBD73E85}"
EndProject
Project("{2150E333-8FDC-42A3-9474-1A3956D46DE8}") = "Serveur", "Serveur", "{E8D2472C-5273-4BC1-979C-86C9237A881D}"
EndProject
Project("{2150E333-8FDC-42A3-9474-1A3956D46DE8}") = "Tests", "Tests", "{9AC44B25-E4A0-4AAE-AE11-FAEB6DA8B282}"
EndProject
Project("{FAE04EC0-301F-11D3-BF4B-00C04F79EFBC}") = "WpfApp", "WpfApp\WpfApp.csproj", "{BE9DB7A6-623E-4253-9FE2-58C9133C673F}"
EndProject
Project("{FAE04EC0-301F-11D3-BF4B-00C04F79EFBC}") = "BusinessLayer", "BusinessLayer\BusinessLayer.csproj", "{F59365AB-1B42-437C-A6A9-C85B258FC10B}"
EndProject
Project("{FAE04EC0-301F-11D3-BF4B-00C04F79EFBC}") = "WebApplication", "WebApplication\WebApplication.csproj", "{C75406DF-D1E8-49A6-B1F4-A823DC38F750}"
EndProject
Global
	GlobalSection(SolutionConfigurationPlatforms) = preSolution
		Debug|Any CPU = Debug|Any CPU
		Release|Any CPU = Release|Any CPU
	EndGlobalSection
	GlobalSection(ProjectConfigurationPlatforms) = postSolution
		{52DBC174-3150-4954-BEBA-75EEFD2E2A41}.Debug|Any CPU.ActiveCfg = Debug|Any CPU
		{52DBC174-3150-4954-BEBA-75EEFD2E2A41}.Debug|Any CPU.Build.0 = Debug|Any CPU
		{52DBC174-3150-4954-BEBA-75EEFD2E2A41}.Release|Any CPU.ActiveCfg = Release|Any CPU
		{52DBC174-3150-4954-BEBA-75EEFD2E2A41}.Release|Any CPU.Build.0 = Release|Any CPU
		{70FC31AE-716C-4216-9FBD-8972BD317039}.Debug|Any CPU.ActiveCfg = Debug|Any CPU
		{70FC31AE-716C-4216-9FBD-8972BD317039}.Debug|Any CPU.Build.0 = Debug|Any CPU
		{70FC31AE-716C-4216-9FBD-8972BD317039}.Release|Any CPU.ActiveCfg = Release|Any CPU
		{70FC31AE-716C-4216-9FBD-8972BD317039}.Release|Any CPU.Build.0 = Release|Any CPU
		{463AC0B3-2A7E-4A24-BF92-A6D1545E17E7}.Debug|Any CPU.ActiveCfg = Debug|Any CPU
		{463AC0B3-2A7E-4A24-BF92-A6D1545E17E7}.Debug|Any CPU.Build.0 = Debug|Any CPU
		{463AC0B3-2A7E-4A24-BF92-A6D1545E17E7}.Release|Any CPU.ActiveCfg = Release|Any CPU
		{463AC0B3-2A7E-4A24-BF92-A6D1545E17E7}.Release|Any CPU.Build.0 = Release|Any CPU
		{BE9DB7A6-623E-4253-9FE2-58C9133C673F}.Debug|Any CPU.ActiveCfg = Debug|Any CPU
		{BE9DB7A6-623E-4253-9FE2-58C9133C673F}.Debug|Any CPU.Build.0 = Debug|Any CPU
		{BE9DB7A6-623E-4253-9FE2-58C9133C673F}.Release|Any CPU.ActiveCfg = Release|Any CPU
		{BE9DB7A6-623E-4253-9FE2-58C9133C673F}.Release|Any CPU.Build.0 = Release|Any CPU
		{F59365AB-1B42-437C-A6A9-C85B258FC10B}.Debug|Any CPU.ActiveCfg = Debug|Any CPU
		{F59365AB-1B42-437C-A6A9-C85B258FC10B}.Debug|Any CPU.Build.0 = Debug|Any CPU
		{F59365AB-1B42-437C-A6A9-C85B258FC10B}.Release|Any CPU.ActiveCfg = Release|Any CPU
		{F59365AB-1B42-437C-A6A9-C85B258FC10B}.Release|Any CPU.Build.0 = Release|Any CPU
		{C75406DF-D1E8-49A6-B1F4-A823DC38F750}.Debug|Any CPU.ActiveCfg = Debug|Any CPU
		{C75406DF-D1E8-49A6-B1F4-A823DC38F750}.Debug|Any CPU.Build.0 = Debug|Any CPU
		{C75406DF-D1E8-49A6-B1F4-A823DC38F750}.Release|Any CPU.ActiveCfg = Release|Any CPU
		{C75406DF-D1E8-49A6-B1F4-A823DC38F750}.Release|Any CPU.Build.0 = Release|Any CPU
	EndGlobalSection
	GlobalSection(SolutionProperties) = preSolution
		HideSolutionNode = FALSE
	EndGlobalSection
	GlobalSection(NestedProjects) = preSolution
		{52DBC174-3150-4954-BEBA-75EEFD2E2A41} = {9AC44B25-E4A0-4AAE-AE11-FAEB6DA8B282}
		{70FC31AE-716C-4216-9FBD-8972BD317039} = {9D2C20B5-5045-4063-A895-B02CFBD73E85}
		{463AC0B3-2A7E-4A24-BF92-A6D1545E17E7} = {E8D2472C-5273-4BC1-979C-86C9237A881D}
		{F59365AB-1B42-437C-A6A9-C85B258FC10B} = {E8D2472C-5273-4BC1-979C-86C9237A881D}
	EndGlobalSection
	GlobalSection(ExtensibilityGlobals) = postSolution
		SolutionGuid = {6130EC81-9652-4215-81CB-ECC3EFEA0F42}
	EndGlobalSection
EndGlobal
